<Project xmlns="http://schemas.microsoft.com/developer/msbuild/2003">
    <PropertyGroup>
        <ProjectGuid>{D33E608E-23A2-4315-9E4A-DCC1F21383FE}</ProjectGuid>
        <ProjectVersion>14.6</ProjectVersion>
        <FrameworkType>VCL</FrameworkType>
        <MainSource>ValidatorTest.dpr</MainSource>
        <Base>True</Base>
        <Config Condition="'$(Config)'==''">Debug</Config>
        <Platform Condition="'$(Platform)'==''">Win32</Platform>
        <TargetedPlatforms>1</TargetedPlatforms>
        <AppType>Application</AppType>
    </PropertyGroup>
    <PropertyGroup Condition="'$(Config)'=='Base' or '$(Base)'!=''">
        <Base>true</Base>
    </PropertyGroup>
    <PropertyGroup Condition="('$(Platform)'=='Win32' and '$(Base)'=='true') or '$(Base_Win32)'!=''">
        <Base_Win32>true</Base_Win32>
        <CfgParent>Base</CfgParent>
        <Base>true</Base>
    </PropertyGroup>
    <PropertyGroup Condition="('$(Platform)'=='Win64' and '$(Base)'=='true') or '$(Base_Win64)'!=''">
        <Base_Win64>true</Base_Win64>
        <CfgParent>Base</CfgParent>
        <Base>true</Base>
    </PropertyGroup>
    <PropertyGroup Condition="'$(Config)'=='Debug' or '$(Cfg_1)'!=''">
        <Cfg_1>true</Cfg_1>
        <CfgParent>Base</CfgParent>
        <Base>true</Base>
    </PropertyGroup>
    <PropertyGroup Condition="('$(Platform)'=='Win32' and '$(Cfg_1)'=='true') or '$(Cfg_1_Win32)'!=''">
        <Cfg_1_Win32>true</Cfg_1_Win32>
        <CfgParent>Cfg_1</CfgParent>
        <Cfg_1>true</Cfg_1>
        <Base>true</Base>
    </PropertyGroup>
    <PropertyGroup Condition="'$(Config)'=='Release' or '$(Cfg_2)'!=''">
        <Cfg_2>true</Cfg_2>
        <CfgParent>Base</CfgParent>
        <Base>true</Base>
    </PropertyGroup>
    <PropertyGroup Condition="'$(Base)'!=''">
        <Icon_MainIcon>$(BDS)\bin\delphi_PROJECTICON.ico</Icon_MainIcon>
        <DCC_Namespace>System;Xml;Data;Datasnap;Web;Soap;Vcl;Vcl.Imaging;Vcl.Touch;Vcl.Samples;Vcl.Shell;$(DCC_Namespace)</DCC_Namespace>
        <DCC_DcuOutput>.\$(Platform)\$(Config)</DCC_DcuOutput>
        <DCC_ExeOutput>.\$(Platform)\$(Config)</DCC_ExeOutput>
        <DCC_E>false</DCC_E>
        <DCC_N>false</DCC_N>
        <DCC_S>false</DCC_S>
        <DCC_F>false</DCC_F>
        <DCC_K>false</DCC_K>
    </PropertyGroup>
    <PropertyGroup Condition="'$(Base_Win32)'!=''">
        <DCC_Namespace>Winapi;System.Win;Data.Win;Datasnap.Win;Web.Win;Soap.Win;Xml.Win;Bde;$(DCC_Namespace)</DCC_Namespace>
        <DCC_UsePackage>dxSkinTheAsphaltWorldD7;ShortcutBarD7;dxSkinStardustD7;AxPageProducerD7;vclIEAddress;dxSkinsdxRibbonPainterD7;DBXSqliteDriver;dxSkinCaramelD7;fmx;TaskSchedulerAx;RemObjects_BPDX_D7;IndySystem;dxSkinSilverD7;TeeDB;dxSkinSpringTimeD7;XMLBBoxD18;ExitDialogsD7;inetdbbde;vclib;DBXInterBaseDriver;DataSnapClient;DataSnapCommon;DataSnapServer;dxSkinValentineD7;DataSnapProviderClient;DBXSybaseASEDriver;DbxCommonDriver;vclimg;BaseBBoxD18;dbxcds;dxSkinsCoreD7;DatasnapConnectorsFreePascal;MetropolisUILiveTile;dxSkinscxPCPainterD7;vcldb;vcldsnap;RemObjects_Synapse_D7;dxSkinOffice2010SilverD7;DCPdelphi2007;IcsDel70;DBXDb2Driver;MenuXPD7;dxSkinSevenD7;DBXOracleDriver;CustomIPTransport;UnicodeConvDelphi7;vclribbon;dsnap;IndyIPServer;SebsComponents;fmxase;vcl;IndyCore;dxSkinOffice2007PinkD7;DBXMSSQLDriver;CloudService;IndyIPCommon;FmxTeeUI;dxSkinOffice2007SilverD7;Quickrep505;dxRibbonD7;AxXmlComponentsD7;inetdbxpress;webdsnap;vclAxCRCD7;dxNavBarD7;dxSkinSharpPlusD7;ROFIleSessions;adortl;TIE_http_https;dxSkinSummer2008D7;dxSkinXmas2008BlueD7;AxXPbuttonD7;dxSkinSharpD7;bindcompfmx;RemObjects_Indy_D7;vcldbx;XMLBBoxSecD18;rtl;dbrtl;DbxClientDriver;bindcomp;inetdb;vclAxDock;Tee;dxSkinSevenClassicD7;DBXOdbcDriver;dxSkinPumpkinD7;dxDockingD7;dxSkinOffice2010BlackD7;xmlrtl;svnui;ibxpress;vclDrawButtonD7;IndyProtocols;DBXMySQLDriver;ComponentConnectionTG;IndyWithActionsD7;dxSkinOffice2010BlueD7;bindengine;vclactnband;bindcompdbx;FMXTee;soaprtl;TeeUI;bindcompvcl;PKIBBoxD18;dxSkinBlackD7;dxSkinBlueprintD7;vclie;dxSkinVS2010D7;cxSchedulerD7;MSNPopupPak;dxSkinsdxNavBarPainterD7;vcltouch;dxBarD7;AxdebugMessagesDBExpress;VclSmp;RemObjects_RODX_D7;DBXInformixDriver;Intraweb;axShape;PGPBBoxD18;DataSnapConnectors;dxSkinBlueD7;RemObjects_WebBroker_D7;DBXFirebirdDriver;dsnapcon;AxDECD7;inet;dxSkinsdxBarPainterD7;fmxobj;NetAPITG;dxSkinsdxDLPainterD7;HTMLPopupPkgd7;vclx;svn;DBXSybaseASADriver;fmxdae;TecladoD7;dxSkinscxSchedulerPainterD7;dxSkinWhiteprintD7;bdertl;AxMiTeCD7;cxPageControlD7;dbexpress;DataSnapIndy10ServerTransport;vclAxdebugMessagesD7;IndyIPClient;$(DCC_UsePackage)</DCC_UsePackage>
        <Manifest_File>$(BDS)\bin\default_app.manifest</Manifest_File>
        <VerInfo_Locale>1033</VerInfo_Locale>
        <VerInfo_Keys>CompanyName=;FileDescription=;FileVersion=1.0.0.0;InternalName=;LegalCopyright=;LegalTrademarks=;OriginalFilename=;ProductName=;ProductVersion=1.0.0.0;Comments=</VerInfo_Keys>
        <VerInfo_IncludeVerInfo>true</VerInfo_IncludeVerInfo>
    </PropertyGroup>
    <PropertyGroup Condition="'$(Base_Win64)'!=''">
        <DCC_UsePackage>dxSkinTheAsphaltWorldD7;dxSkinStardustD7;dxSkinsdxRibbonPainterD7;DBXSqliteDriver;dxSkinCaramelD7;fmx;IndySystem;dxSkinSilverD7;TeeDB;dxSkinSpringTimeD7;XMLBBoxD18;vclib;DBXInterBaseDriver;DataSnapClient;DataSnapCommon;DataSnapServer;dxSkinValentineD7;DataSnapProviderClient;DBXSybaseASEDriver;DbxCommonDriver;vclimg;BaseBBoxD18;dbxcds;dxSkinsCoreD7;DatasnapConnectorsFreePascal;MetropolisUILiveTile;dxSkinscxPCPainterD7;vcldb;vcldsnap;dxSkinOffice2010SilverD7;DBXDb2Driver;dxSkinSevenD7;DBXOracleDriver;CustomIPTransport;vclribbon;dsnap;IndyIPServer;fmxase;vcl;IndyCore;dxSkinOffice2007PinkD7;DBXMSSQLDriver;CloudService;IndyIPCommon;FmxTeeUI;dxSkinOffice2007SilverD7;dxRibbonD7;inetdbxpress;webdsnap;dxNavBarD7;dxSkinSharpPlusD7;adortl;dxSkinSummer2008D7;dxSkinXmas2008BlueD7;dxSkinSharpD7;bindcompfmx;XMLBBoxSecD18;rtl;dbrtl;DbxClientDriver;bindcomp;inetdb;Tee;dxSkinSevenClassicD7;DBXOdbcDriver;dxSkinPumpkinD7;dxDockingD7;dxSkinOffice2010BlackD7;xmlrtl;ibxpress;IndyProtocols;DBXMySQLDriver;dxSkinOffice2010BlueD7;bindengine;vclactnband;bindcompdbx;FMXTee;soaprtl;TeeUI;bindcompvcl;PKIBBoxD18;dxSkinBlackD7;dxSkinBlueprintD7;vclie;dxSkinVS2010D7;cxSchedulerD7;dxSkinsdxNavBarPainterD7;vcltouch;dxBarD7;VclSmp;DBXInformixDriver;Intraweb;PGPBBoxD18;DataSnapConnectors;dxSkinBlueD7;DBXFirebirdDriver;dsnapcon;inet;dxSkinsdxBarPainterD7;fmxobj;dxSkinsdxDLPainterD7;vclx;DBXSybaseASADriver;fmxdae;dxSkinscxSchedulerPainterD7;dxSkinWhiteprintD7;cxPageControlD7;dbexpress;DataSnapIndy10ServerTransport;IndyIPClient;$(DCC_UsePackage)</DCC_UsePackage>
    </PropertyGroup>
    <PropertyGroup Condition="'$(Cfg_1)'!=''">
        <DCC_Define>DEBUG;$(DCC_Define)</DCC_Define>
        <DCC_DebugDCUs>true</DCC_DebugDCUs>
        <DCC_Optimize>false</DCC_Optimize>
        <DCC_GenerateStackFrames>true</DCC_GenerateStackFrames>
        <DCC_DebugInfoInExe>true</DCC_DebugInfoInExe>
        <DCC_RemoteDebug>true</DCC_RemoteDebug>
    </PropertyGroup>
    <PropertyGroup Condition="'$(Cfg_1_Win32)'!=''">
        <DCC_RemoteDebug>false</DCC_RemoteDebug>
    </PropertyGroup>
    <PropertyGroup Condition="'$(Cfg_2)'!=''">
        <DCC_LocalDebugSymbols>false</DCC_LocalDebugSymbols>
        <DCC_Define>RELEASE;$(DCC_Define)</DCC_Define>
        <DCC_SymbolReferenceInfo>0</DCC_SymbolReferenceInfo>
        <DCC_DebugInformation>false</DCC_DebugInformation>
    </PropertyGroup>
    <ItemGroup>
        <DelphiCompile Include="$(MainSource)">
            <MainSource>MainSource</MainSource>
        </DelphiCompile>
        <DCCReference Include="test\uMain.pas">
            <Form>Form2</Form>
            <FormType>dfm</FormType>
        </DCCReference>
        <DCCReference Include="uValidator.pas"/>
        <BuildConfiguration Include="Release">
            <Key>Cfg_2</Key>
            <CfgParent>Base</CfgParent>
        </BuildConfiguration>
        <BuildConfiguration Include="Base">
            <Key>Base</Key>
        </BuildConfiguration>
        <BuildConfiguration Include="Debug">
            <Key>Cfg_1</Key>
            <CfgParent>Base</CfgParent>
        </BuildConfiguration>
    </ItemGroup>
    <ProjectExtensions>
        <Borland.Personality>Delphi.Personality.12</Borland.Personality>
        <Borland.ProjectType/>
        <BorlandProject>
            <Delphi.Personality>
                <VersionInfo>
                    <VersionInfo Name="IncludeVerInfo">False</VersionInfo>
                    <VersionInfo Name="AutoIncBuild">False</VersionInfo>
                    <VersionInfo Name="MajorVer">1</VersionInfo>
                    <VersionInfo Name="MinorVer">0</VersionInfo>
                    <VersionInfo Name="Release">0</VersionInfo>
                    <VersionInfo Name="Build">0</VersionInfo>
                    <VersionInfo Name="Debug">False</VersionInfo>
                    <VersionInfo Name="PreRelease">False</VersionInfo>
                    <VersionInfo Name="Special">False</VersionInfo>
                    <VersionInfo Name="Private">False</VersionInfo>
                    <VersionInfo Name="DLL">False</VersionInfo>
                    <VersionInfo Name="Locale">8192</VersionInfo>
                    <VersionInfo Name="CodePage">1252</VersionInfo>
                </VersionInfo>
                <VersionInfoKeys>
                    <VersionInfoKeys Name="CompanyName"/>
                    <VersionInfoKeys Name="FileDescription"/>
                    <VersionInfoKeys Name="FileVersion">1.0.0.0</VersionInfoKeys>
                    <VersionInfoKeys Name="InternalName"/>
                    <VersionInfoKeys Name="LegalCopyright"/>
                    <VersionInfoKeys Name="LegalTrademarks"/>
                    <VersionInfoKeys Name="OriginalFilename"/>
                    <VersionInfoKeys Name="ProductName"/>
                    <VersionInfoKeys Name="ProductVersion">1.0.0.0</VersionInfoKeys>
                    <VersionInfoKeys Name="Comments"/>
                    <VersionInfoKeys Name="CFBundleName"/>
                    <VersionInfoKeys Name="CFBundleDisplayName"/>
                    <VersionInfoKeys Name="UIDeviceFamily"/>
                    <VersionInfoKeys Name="CFBundleIdentifier"/>
                    <VersionInfoKeys Name="CFBundleVersion"/>
                    <VersionInfoKeys Name="CFBundlePackageType"/>
                    <VersionInfoKeys Name="CFBundleSignature"/>
                    <VersionInfoKeys Name="CFBundleAllowMixedLocalizations"/>
                    <VersionInfoKeys Name="UISupportedInterfaceOrientations"/>
                    <VersionInfoKeys Name="CFBundleExecutable"/>
                    <VersionInfoKeys Name="CFBundleResourceSpecification"/>
                    <VersionInfoKeys Name="LSRequiresIPhoneOS"/>
                    <VersionInfoKeys Name="CFBundleInfoDictionaryVersion"/>
                    <VersionInfoKeys Name="CFBundleDevelopmentRegion"/>
                </VersionInfoKeys>
                <Source>
                    <Source Name="MainSource">ValidatorTest.dpr</Source>
                </Source>
            </Delphi.Personality>
            <Deployment/>
            <Platforms>
                <Platform value="Win32">True</Platform>
                <Platform value="Win64">False</Platform>
            </Platforms>
        </BorlandProject>
        <ProjectFileVersion>12</ProjectFileVersion>
    </ProjectExtensions>
    <Import Project="$(BDS)\Bin\CodeGear.Delphi.Targets" Condition="Exists('$(BDS)\Bin\CodeGear.Delphi.Targets')"/>
    <Import Project="$(APPDATA)\Embarcadero\$(BDSAPPDATABASEDIR)\$(PRODUCTVERSION)\UserTools.proj" Condition="Exists('$(APPDATA)\Embarcadero\$(BDSAPPDATABASEDIR)\$(PRODUCTVERSION)\UserTools.proj')"/>
</Project>
